NeoBundleLock VimClojure 2a17c249571395a7f45523d38cac6a9326ecf8f1
NeoBundleLock gitv e10a8963e0ff1387e7e764f799a5bba693a739b3
NeoBundleLock jedi-vim 48af2afd3ef06a61242d5c08a6357879ea639c36
NeoBundleLock lightline.vim e6a43f98fab1ee2e373bd0b670803222607ed123
NeoBundleLock molokai c67bdfcdb31415aa0ade7f8c003261700a885476
NeoBundleLock neobundle.vim c6d4686f59fc43547dd46eda8e73e59821a8aad6
NeoBundleLock neocomplcache 778181767467b8f8016828898779a646074d883a
NeoBundleLock neosnippet bbd764ebbc2b80c0981e804b4b3ae0169d43fc02
NeoBundleLock neosnippet-snippets 4aaa1713c88a74e340a97afa80d0b935f60bfecd
NeoBundleLock syntastic 0bdf149d5fb8e765fad10b59371fbd71be7d6aee
NeoBundleLock unite-colorscheme 3aa33866a183f7659594a3f6b66b2334eaebc6a0
NeoBundleLock unite.vim a256f19d75e02944986c3b269d4da5e57b01766d
NeoBundleLock vim-fugitive 9835920a3c91236021fc8c88cc4157304e24356b
NeoBundleLock vim-slime 7c1b6dc04c2858a59bc6e43e2a5f4afe59e4e56d
NeoBundleLock vim-textmanip 5382160a3a1831de711079ad62982eccb3f34016
NeoBundleLock vimfiler.vim 67a06d544df13901f50423c88af0043db8e8c9bc
NeoBundleLock vimproc 6cde85b6944bef2afb4f13d9d671da92ae9de62e
NeoBundleLock vimshell 7f38939bb461663ce1ec3a4a98dff2ae2b3bc31f
